
Microsoft Visual Studio Solution File, Format Version 12.00
# Visual Studio Version 16
VisualStudioVersion = 16.0.32228.343
MinimumVisualStudioVersion = 10.0.40219.1
Project("{8BC9CEB8-8B4A-11D0-8D11-00A0C91BC942}") = "Vulkan", "Vulkan\Vulkan.vcxproj", "{1D1199A5-5B38-4939-B8BA-EB68E5DC0B90}"
EndProject
Global
	GlobalSection(SolutionConfigurationPlatforms) = preSolution
		Debug|x64 = Debug|x64
		Debug|x86 = Debug|x86
		Release|x64 = Release|x64
		Release|x86 = Release|x86
	EndGlobalSection
	GlobalSection(ProjectConfigurationPlatforms) = postSolution
		{1D1199A5-5B38-4939-B8BA-EB68E5DC0B90}.Debug|x64.ActiveCfg = Debug|x64
		{1D1199A5-5B38-4939-B8BA-EB68E5DC0B90}.Debug|x64.Build.0 = Debug|x64
		{1D1199A5-5B38-4939-B8BA-EB68E5DC0B90}.Debug|x86.ActiveCfg = Debug|Win32
		{1D1199A5-5B38-4939-B8BA-EB68E5DC0B90}.Debug|x86.Build.0 = Debug|Win32
		{1D1199A5-5B38-4939-B8BA-EB68E5DC0B90}.Release|x64.ActiveCfg = Release|x64
		{1D1199A5-5B38-4939-B8BA-EB68E5DC0B90}.Release|x64.Build.0 = Release|x64
		{1D1199A5-5B38-4939-B8BA-EB68E5DC0B90}.Release|x86.ActiveCfg = Release|Win32
		{1D1199A5-5B38-4939-B8BA-EB68E5DC0B90}.Release|x86.Build.0 = Release|Win32
	EndGlobalSection
	GlobalSection(SolutionProperties) = preSolution
		HideSolutionNode = FALSE
	EndGlobalSection
	GlobalSection(ExtensibilityGlobals) = postSolution
		SolutionGuid = {71819516-D138-4678-8CE6-9C5AA7FFFFA3}
	EndGlobalSection
EndGlobal
